
Microsoft Visual Studio Solution File, Format Version 12.00
# Visual Studio Version 17
VisualStudioVersion = 17.0.31903.59
MinimumVisualStudioVersion = 10.0.40219.1
Project("{2150E333-8FDC-42A3-9474-1A3956D46DE8}") = "src", "src", "{798C43FB-7B94-4332-8A06-76C48D49D2B7}"
EndProject
Project("{FAE04EC0-301F-11D3-BF4B-00C04F79EFBC}") = "Cs2Prak.Core", "src\Cs2Prak.Core\Cs2Prak.Core.csproj", "{8039543F-8607-4185-81E8-9868EEF6BFF5}"
EndProject
Project("{FAE04EC0-301F-11D3-BF4B-00C04F79EFBC}") = "Cs2Prak.Server", "src\Cs2Prak.Server\Cs2Prak.Server.csproj", "{2E760EF6-67C5-4039-AF08-D345F50AD993}"
EndProject
Project("{FAE04EC0-301F-11D3-BF4B-00C04F79EFBC}") = "Cs2Prak.App", "src\Cs2Prak.App\Cs2Prak.App.csproj", "{93F53F34-6CF5-45BD-9138-1FC2EEE68CAE}"
EndProject
Global
	GlobalSection(SolutionConfigurationPlatforms) = preSolution
		Debug|Any CPU = Debug|Any CPU
		Release|Any CPU = Release|Any CPU
	EndGlobalSection
	GlobalSection(ProjectConfigurationPlatforms) = postSolution
		{8039543F-8607-4185-81E8-9868EEF6BFF5}.Debug|Any CPU.ActiveCfg = Debug|Any CPU
		{8039543F-8607-4185-81E8-9868EEF6BFF5}.Debug|Any CPU.Build.0 = Debug|Any CPU
		{8039543F-8607-4185-81E8-9868EEF6BFF5}.Release|Any CPU.ActiveCfg = Release|Any CPU
		{8039543F-8607-4185-81E8-9868EEF6BFF5}.Release|Any CPU.Build.0 = Release|Any CPU
		{2E760EF6-67C5-4039-AF08-D345F50AD993}.Debug|Any CPU.ActiveCfg = Debug|Any CPU
		{2E760EF6-67C5-4039-AF08-D345F50AD993}.Debug|Any CPU.Build.0 = Debug|Any CPU
		{2E760EF6-67C5-4039-AF08-D345F50AD993}.Release|Any CPU.ActiveCfg = Release|Any CPU
		{2E760EF6-67C5-4039-AF08-D345F50AD993}.Release|Any CPU.Build.0 = Release|Any CPU
		{93F53F34-6CF5-45BD-9138-1FC2EEE68CAE}.Debug|Any CPU.ActiveCfg = Debug|Any CPU
		{93F53F34-6CF5-45BD-9138-1FC2EEE68CAE}.Debug|Any CPU.Build.0 = Debug|Any CPU
		{93F53F34-6CF5-45BD-9138-1FC2EEE68CAE}.Release|Any CPU.ActiveCfg = Release|Any CPU
		{93F53F34-6CF5-45BD-9138-1FC2EEE68CAE}.Release|Any CPU.Build.0 = Release|Any CPU
	EndGlobalSection
	GlobalSection(SolutionProperties) = preSolution
		HideSolutionNode = FALSE
	EndGlobalSection
	GlobalSection(NestedProjects) = preSolution
		{8039543F-8607-4185-81E8-9868EEF6BFF5} = {798C43FB-7B94-4332-8A06-76C48D49D2B7}
		{2E760EF6-67C5-4039-AF08-D345F50AD993} = {798C43FB-7B94-4332-8A06-76C48D49D2B7}
		{93F53F34-6CF5-45BD-9138-1FC2EEE68CAE} = {798C43FB-7B94-4332-8A06-76C48D49D2B7}
	EndGlobalSection
EndGlobal
